
Microsoft Visual Studio Solution File, Format Version 12.00
# Visual Studio Version 17
VisualStudioVersion = 17.6.33723.286
MinimumVisualStudioVersion = 10.0.40219.1
Project("{FAE04EC0-301F-11D3-BF4B-00C04F79EFBC}") = "BoneBoard", "BoneBoard.csproj", "{3295B2BA-146E-4742-BDEF-83752F2BD036}"
EndProject
Project("{FAE04EC0-301F-11D3-BF4B-00C04F79EFBC}") = "Relauncher", "Relauncher\Relauncher.csproj", "{538A50D0-0BB9-4B2E-95F2-D0B51CFE25B3}"
EndProject
Global
	GlobalSection(SolutionConfigurationPlatforms) = preSolution
		Debug|Any CPU = Debug|Any CPU
		Release|Any CPU = Release|Any CPU
	EndGlobalSection
	GlobalSection(ProjectConfigurationPlatforms) = postSolution
		{3295B2BA-146E-4742-BDEF-83752F2BD036}.Debug|Any CPU.ActiveCfg = Debug|Any CPU
		{3295B2BA-146E-4742-BDEF-83752F2BD036}.Debug|Any CPU.Build.0 = Debug|Any CPU
		{3295B2BA-146E-4742-BDEF-83752F2BD036}.Release|Any CPU.ActiveCfg = Release|Any CPU
		{3295B2BA-146E-4742-BDEF-83752F2BD036}.Release|Any CPU.Build.0 = Release|Any CPU
		{538A50D0-0BB9-4B2E-95F2-D0B51CFE25B3}.Debug|Any CPU.ActiveCfg = Debug|Any CPU
		{538A50D0-0BB9-4B2E-95F2-D0B51CFE25B3}.Debug|Any CPU.Build.0 = Debug|Any CPU
		{538A50D0-0BB9-4B2E-95F2-D0B51CFE25B3}.Release|Any CPU.ActiveCfg = Release|Any CPU
		{538A50D0-0BB9-4B2E-95F2-D0B51CFE25B3}.Release|Any CPU.Build.0 = Release|Any CPU
	EndGlobalSection
	GlobalSection(SolutionProperties) = preSolution
		HideSolutionNode = FALSE
	EndGlobalSection
	GlobalSection(ExtensibilityGlobals) = postSolution
		SolutionGuid = {F20F8C76-4AE9-42A4-B3C0-6F4E6EE93852}
	EndGlobalSection
EndGlobal
